
Microsoft Visual Studio Solution File, Format Version 12.00
# Visual Studio Version 17
VisualStudioVersion = 17.4.33403.182
MinimumVisualStudioVersion = 10.0.40219.1
Project("{FAE04EC0-301F-11D3-BF4B-00C04F79EFBC}") = "sampleweb-application", "sampleweb-application\sampleweb-application.csproj", "{E861AC51-837C-4A8C-86FC-E4D463A47182}"
EndProject
Global
	GlobalSection(SolutionConfigurationPlatforms) = preSolution
		Debug|Any CPU = Debug|Any CPU
		Release|Any CPU = Release|Any CPU
	EndGlobalSection
	GlobalSection(ProjectConfigurationPlatforms) = postSolution
		{E861AC51-837C-4A8C-86FC-E4D463A47182}.Debug|Any CPU.ActiveCfg = Debug|Any CPU
		{E861AC51-837C-4A8C-86FC-E4D463A47182}.Debug|Any CPU.Build.0 = Debug|Any CPU
		{E861AC51-837C-4A8C-86FC-E4D463A47182}.Release|Any CPU.ActiveCfg = Release|Any CPU
		{E861AC51-837C-4A8C-86FC-E4D463A47182}.Release|Any CPU.Build.0 = Release|Any CPU
	EndGlobalSection
	GlobalSection(SolutionProperties) = preSolution
		HideSolutionNode = FALSE
	EndGlobalSection
	GlobalSection(ExtensibilityGlobals) = postSolution
		SolutionGuid = {55D868C3-C9EF-493E-A864-63B3FBE041A0}
	EndGlobalSection
EndGlobal
